{
  "name": "storaLink-App",
  "lockfileVersion": 3,
  "requires": true,
  "packages": {
    "": {
      "dependencies": {
        "react-native-keychain": "^8.1.2"
      }
    },
    "node_modules/react-native-keychain": {
      "version": "8.1.2",
      "resolved": "https://registry.npmjs.org/react-native-keychain/-/react-native-keychain-8.1.2.tgz",
      "integrity": "sha512-bhHEui+yMp3Us41NMoRGtnWEJiBE0g8tw5VFpq4mpmXAx6XJYahuM6K3WN5CsUeUl83hYysSL9oFZNKSTPSvYw=="
    }
  }
}
