// !$*UTF8*$!
{
	archiveVersion = 1;
	classes = {
	};
	objectVersion = 56;
	objects = {

/* Begin PBXBuildFile section */
		9F7260602B35418700A49628 /* CustomButton.swift in Sources */ = {isa = PBXBuildFile; fileRef = 9F72605F2B35418700A49628 /* CustomButton.swift */; };
		9F7260622B365D6400A49628 /* NavigationStageManager.swift in Sources */ = {isa = PBXBuildFile; fileRef = 9F7260612B365D6400A49628 /* NavigationStageManager.swift */; };
		9F7260682B36827E00A49628 /* LinkItemViewModel.swift in Sources */ = {isa = PBXBuildFile; fileRef = 9F7260672B36827E00A49628 /* LinkItemViewModel.swift */; };
		9F72606A2B36966600A49628 /* LinkView.swift in Sources */ = {isa = PBXBuildFile; fileRef = 9F7260692B36966600A49628 /* LinkView.swift */; };
		9F72606E2B36A1F800A49628 /* LinkCardView.swift in Sources */ = {isa = PBXBuildFile; fileRef = 9F72606D2B36A1F800A49628 /* LinkCardView.swift */; };
		9F7260722B3A1F8700A49628 /* CreateLinkView.swift in Sources */ = {isa = PBXBuildFile; fileRef = 9F7260712B3A1F8700A49628 /* CreateLinkView.swift */; };
		9F7260742B3A1F9300A49628 /* CreateFolderView.swift in Sources */ = {isa = PBXBuildFile; fileRef = 9F7260732B3A1F9300A49628 /* CreateFolderView.swift */; };
		9F7260762B3A2C5800A49628 /* StandardTextField.swift in Sources */ = {isa = PBXBuildFile; fileRef = 9F7260752B3A2C5800A49628 /* StandardTextField.swift */; };
		9F7260782B3A2E1E00A49628 /* CreateFolderViewModel.swift in Sources */ = {isa = PBXBuildFile; fileRef = 9F7260772B3A2E1E00A49628 /* CreateFolderViewModel.swift */; };
		9F72607A2B3A325100A49628 /* CreateLinkViewModel.swift in Sources */ = {isa = PBXBuildFile; fileRef = 9F7260792B3A325100A49628 /* CreateLinkViewModel.swift */; };
		9F72607C2B3A453E00A49628 /* LinkMetaDataFetcher.swift in Sources */ = {isa = PBXBuildFile; fileRef = 9F72607B2B3A453E00A49628 /* LinkMetaDataFetcher.swift */; };
		9F7260842B3A831F00A49628 /* ShareViewController.swift in Sources */ = {isa = PBXBuildFile; fileRef = 9F7260832B3A831F00A49628 /* ShareViewController.swift */; };
		9F72608B2B3A831F00A49628 /* StoralinkSaveLink.appex in Embed Foundation Extensions */ = {isa = PBXBuildFile; fileRef = 9F7260812B3A831F00A49628 /* StoralinkSaveLink.appex */; settings = {ATTRIBUTES = (RemoveHeadersOnCopy, ); }; };
		9F7260912B3A84C900A49628 /* ShareView.swift in Sources */ = {isa = PBXBuildFile; fileRef = 9F7260902B3A84C900A49628 /* ShareView.swift */; };
		9F7260932B3B8BF700A49628 /* UITest.swift in Sources */ = {isa = PBXBuildFile; fileRef = 9F7260922B3B8BF700A49628 /* UITest.swift */; };
		9F7260962B3B909300A49628 /* Assets.xcassets in Resources */ = {isa = PBXBuildFile; fileRef = 9FD082D92B1437A5004021FC /* Assets.xcassets */; };
		9F7260982B3BF30E00A49628 /* LinkModel.swift in Sources */ = {isa = PBXBuildFile; fileRef = 9F7260972B3BF30E00A49628 /* LinkModel.swift */; };
		9F72609A2B3BF31900A49628 /* FolderModel.swift in Sources */ = {isa = PBXBuildFile; fileRef = 9F7260992B3BF31900A49628 /* FolderModel.swift */; };
		9F7260A42B3D1A6600A49628 /* SwiftDataSchema.swift in Sources */ = {isa = PBXBuildFile; fileRef = 9F7260A32B3D1A6600A49628 /* SwiftDataSchema.swift */; };
		9F7260A62B3D21DB00A49628 /* PreviewContainer.swift in Sources */ = {isa = PBXBuildFile; fileRef = 9F7260A52B3D21DB00A49628 /* PreviewContainer.swift */; };
		9F7260A82B3E203300A49628 /* AppViewModel.swift in Sources */ = {isa = PBXBuildFile; fileRef = 9F7260A72B3E203300A49628 /* AppViewModel.swift */; };
		9F7260AA2B4207E500A49628 /* BottomSheetOption.swift in Sources */ = {isa = PBXBuildFile; fileRef = 9F7260A92B4207E500A49628 /* BottomSheetOption.swift */; };
		9F7260AC2B4295D100A49628 /* FolderItemViewModel.swift in Sources */ = {isa = PBXBuildFile; fileRef = 9F7260AB2B4295D100A49628 /* FolderItemViewModel.swift */; };
		9F7260AE2B47619B00A49628 /* CredentialEncryption.swift in Sources */ = {isa = PBXBuildFile; fileRef = 9F7260AD2B47619B00A49628 /* CredentialEncryption.swift */; };
		9F7260B12B4764C000A49628 /* KeychainAccess in Frameworks */ = {isa = PBXBuildFile; productRef = 9F7260B02B4764C000A49628 /* KeychainAccess */; };
		9F7260B32B4773DD00A49628 /* SignupViewModel.swift in Sources */ = {isa = PBXBuildFile; fileRef = 9F7260B22B4773DD00A49628 /* SignupViewModel.swift */; };
		9F7260B52B47806C00A49628 /* DeleteAccountView.swift in Sources */ = {isa = PBXBuildFile; fileRef = 9F7260B42B47806C00A49628 /* DeleteAccountView.swift */; };
		9F7260B72B47957900A49628 /* TutorialView.swift in Sources */ = {isa = PBXBuildFile; fileRef = 9F7260B62B47957900A49628 /* TutorialView.swift */; };
		9F7260B92B47972600A49628 /* LaunchScreen.storyboard in Resources */ = {isa = PBXBuildFile; fileRef = 9F7260B82B47972600A49628 /* LaunchScreen.storyboard */; };
		9F7260BB2B48B67300A49628 /* HomeView.swift in Sources */ = {isa = PBXBuildFile; fileRef = 9F7260BA2B48B67300A49628 /* HomeView.swift */; };
		9F7260BC2B48DE3900A49628 /* UserModel.swift in Sources */ = {isa = PBXBuildFile; fileRef = 9FD082FC2B14490B004021FC /* UserModel.swift */; };
		9F7260BE2B48DEA200A49628 /* FolderModel.swift in Sources */ = {isa = PBXBuildFile; fileRef = 9F7260992B3BF31900A49628 /* FolderModel.swift */; };
		9F7260BF2B48DEA500A49628 /* LinkModel.swift in Sources */ = {isa = PBXBuildFile; fileRef = 9F7260972B3BF30E00A49628 /* LinkModel.swift */; };
		9F7260C02B48DEDD00A49628 /* LaunchScreen.storyboard in Resources */ = {isa = PBXBuildFile; fileRef = 9F7260B82B47972600A49628 /* LaunchScreen.storyboard */; };
		9FD082D42B1437A4004021FC /* storalink_appApp.swift in Sources */ = {isa = PBXBuildFile; fileRef = 9FD082D32B1437A4004021FC /* storalink_appApp.swift */; };
		9FD082D62B1437A4004021FC /* ContentView.swift in Sources */ = {isa = PBXBuildFile; fileRef = 9FD082D52B1437A4004021FC /* ContentView.swift */; };
		9FD082D82B1437A4004021FC /* Item.swift in Sources */ = {isa = PBXBuildFile; fileRef = 9FD082D72B1437A4004021FC /* Item.swift */; };
		9FD082DA2B1437A5004021FC /* Assets.xcassets in Resources */ = {isa = PBXBuildFile; fileRef = 9FD082D92B1437A5004021FC /* Assets.xcassets */; };
		9FD082DD2B1437A5004021FC /* Preview Assets.xcassets in Resources */ = {isa = PBXBuildFile; fileRef = 9FD082DC2B1437A5004021FC /* Preview Assets.xcassets */; };
		9FD082E52B143C58004021FC /* Constants.swift in Sources */ = {isa = PBXBuildFile; fileRef = 9FD082E42B143C58004021FC /* Constants.swift */; };
		9FD082EB2B143E34004021FC /* DataManager.swift in Sources */ = {isa = PBXBuildFile; fileRef = 9FD082EA2B143E34004021FC /* DataManager.swift */; };
		9FD082ED2B144263004021FC /* LinkViewModel.swift in Sources */ = {isa = PBXBuildFile; fileRef = 9FD082EC2B144263004021FC /* LinkViewModel.swift */; };
		9FD082EF2B14426D004021FC /* FolderViewModel.swift in Sources */ = {isa = PBXBuildFile; fileRef = 9FD082EE2B14426D004021FC /* FolderViewModel.swift */; };
		9FD082F12B14427A004021FC /* UserViewModel.swift in Sources */ = {isa = PBXBuildFile; fileRef = 9FD082F02B14427A004021FC /* UserViewModel.swift */; };
		9FD082F32B144287004021FC /* ShareExtensionViewModel.swift in Sources */ = {isa = PBXBuildFile; fileRef = 9FD082F22B144287004021FC /* ShareExtensionViewModel.swift */; };
		9FD082F92B1443D3004021FC /* FilesView.swift in Sources */ = {isa = PBXBuildFile; fileRef = 9FD082F82B1443D3004021FC /* FilesView.swift */; };
		9FD082FB2B14440D004021FC /* LoginView.swift in Sources */ = {isa = PBXBuildFile; fileRef = 9FD082FA2B14440D004021FC /* LoginView.swift */; };
		9FD082FD2B14490B004021FC /* UserModel.swift in Sources */ = {isa = PBXBuildFile; fileRef = 9FD082FC2B14490B004021FC /* UserModel.swift */; };
		9FD082FF2B144E21004021FC /* CreateView.swift in Sources */ = {isa = PBXBuildFile; fileRef = 9FD082FE2B144E21004021FC /* CreateView.swift */; };
		9FD083012B144E30004021FC /* SettingsView.swift in Sources */ = {isa = PBXBuildFile; fileRef = 9FD083002B144E30004021FC /* SettingsView.swift */; };
		9FD083032B144E40004021FC /* InfoView.swift in Sources */ = {isa = PBXBuildFile; fileRef = 9FD083022B144E40004021FC /* InfoView.swift */; };
		9FD083052B145856004021FC /* MainNavStack.swift in Sources */ = {isa = PBXBuildFile; fileRef = 9FD083042B145856004021FC /* MainNavStack.swift */; };
		9FD083072B146AB1004021FC /* SignupView.swift in Sources */ = {isa = PBXBuildFile; fileRef = 9FD083062B146AB1004021FC /* SignupView.swift */; };
		9FD0830A2B147857004021FC /* LinkItemView.swift in Sources */ = {isa = PBXBuildFile; fileRef = 9FD083092B147857004021FC /* LinkItemView.swift */; };
		9FD0830C2B147883004021FC /* FolderItemView.swift in Sources */ = {isa = PBXBuildFile; fileRef = 9FD0830B2B147883004021FC /* FolderItemView.swift */; };
		9FD0830E2B14792F004021FC /* FolderItemTabView.swift in Sources */ = {isa = PBXBuildFile; fileRef = 9FD0830D2B14792F004021FC /* FolderItemTabView.swift */; };
		9FD083102B147C6A004021FC /* SearchBarView.swift in Sources */ = {isa = PBXBuildFile; fileRef = 9FD0830F2B147C6A004021FC /* SearchBarView.swift */; };
		9FD083122B147CC6004021FC /* SearchBarViewModel.swift in Sources */ = {isa = PBXBuildFile; fileRef = 9FD083112B147CC6004021FC /* SearchBarViewModel.swift */; };
		9FD355842B4B8B3A000574DD /* LocalFileManager.swift in Sources */ = {isa = PBXBuildFile; fileRef = 9FD355832B4B8B3A000574DD /* LocalFileManager.swift */; };
		9FD355852B4B8B3A000574DD /* LocalFileManager.swift in Sources */ = {isa = PBXBuildFile; fileRef = 9FD355832B4B8B3A000574DD /* LocalFileManager.swift */; };
		9FEB2E792B19739E005A300C /* FrameGetter.swift in Sources */ = {isa = PBXBuildFile; fileRef = 9FEB2E782B19739E005A300C /* FrameGetter.swift */; };
		9FEB2E802B19942C005A300C /* UserSettingTab.swift in Sources */ = {isa = PBXBuildFile; fileRef = 9FEB2E7F2B19942C005A300C /* UserSettingTab.swift */; };
		9FEB2E822B328064005A300C /* FolderView.swift in Sources */ = {isa = PBXBuildFile; fileRef = 9FEB2E812B328064005A300C /* FolderView.swift */; };
		9FEB2E852B3282E7005A300C /* UserInfoSettingView.swift in Sources */ = {isa = PBXBuildFile; fileRef = 9FEB2E842B3282E7005A300C /* UserInfoSettingView.swift */; };
		9FEB2E872B33AD9F005A300C /* LoginViewModel.swift in Sources */ = {isa = PBXBuildFile; fileRef = 9FEB2E862B33AD9F005A300C /* LoginViewModel.swift */; };
/* End PBXBuildFile section */

/* Begin PBXContainerItemProxy section */
		9F7260892B3A831F00A49628 /* PBXContainerItemProxy */ = {
			isa = PBXContainerItemProxy;
			containerPortal = 9FD082C82B1437A4004021FC /* Project object */;
			proxyType = 1;
			remoteGlobalIDString = 9F7260802B3A831F00A49628;
			remoteInfo = StoralinkSaveLink;
		};
/* End PBXContainerItemProxy section */

/* Begin PBXCopyFilesBuildPhase section */
		9F72608F2B3A831F00A49628 /* Embed Foundation Extensions */ = {
			isa = PBXCopyFilesBuildPhase;
			buildActionMask = 2147483647;
			dstPath = "";
			dstSubfolderSpec = 13;
			files = (
				9F72608B2B3A831F00A49628 /* StoralinkSaveLink.appex in Embed Foundation Extensions */,
			);
			name = "Embed Foundation Extensions";
			runOnlyForDeploymentPostprocessing = 0;
		};
/* End PBXCopyFilesBuildPhase section */

/* Begin PBXFileReference section */
		9F72605F2B35418700A49628 /* CustomButton.swift */ = {isa = PBXFileReference; lastKnownFileType = sourcecode.swift; path = CustomButton.swift; sourceTree = "<group>"; };
		9F7260612B365D6400A49628 /* NavigationStageManager.swift */ = {isa = PBXFileReference; lastKnownFileType = sourcecode.swift; path = NavigationStageManager.swift; sourceTree = "<group>"; };
		9F7260672B36827E00A49628 /* LinkItemViewModel.swift */ = {isa = PBXFileReference; lastKnownFileType = sourcecode.swift; path = LinkItemViewModel.swift; sourceTree = "<group>"; };
		9F7260692B36966600A49628 /* LinkView.swift */ = {isa = PBXFileReference; lastKnownFileType = sourcecode.swift; path = LinkView.swift; sourceTree = "<group>"; };
		9F72606D2B36A1F800A49628 /* LinkCardView.swift */ = {isa = PBXFileReference; lastKnownFileType = sourcecode.swift; path = LinkCardView.swift; sourceTree = "<group>"; };
		9F7260712B3A1F8700A49628 /* CreateLinkView.swift */ = {isa = PBXFileReference; lastKnownFileType = sourcecode.swift; path = CreateLinkView.swift; sourceTree = "<group>"; };
		9F7260732B3A1F9300A49628 /* CreateFolderView.swift */ = {isa = PBXFileReference; lastKnownFileType = sourcecode.swift; path = CreateFolderView.swift; sourceTree = "<group>"; };
		9F7260752B3A2C5800A49628 /* StandardTextField.swift */ = {isa = PBXFileReference; lastKnownFileType = sourcecode.swift; path = StandardTextField.swift; sourceTree = "<group>"; };
		9F7260772B3A2E1E00A49628 /* CreateFolderViewModel.swift */ = {isa = PBXFileReference; lastKnownFileType = sourcecode.swift; path = CreateFolderViewModel.swift; sourceTree = "<group>"; };
		9F7260792B3A325100A49628 /* CreateLinkViewModel.swift */ = {isa = PBXFileReference; lastKnownFileType = sourcecode.swift; path = CreateLinkViewModel.swift; sourceTree = "<group>"; };
		9F72607B2B3A453E00A49628 /* LinkMetaDataFetcher.swift */ = {isa = PBXFileReference; lastKnownFileType = sourcecode.swift; path = LinkMetaDataFetcher.swift; sourceTree = "<group>"; };
		9F7260812B3A831F00A49628 /* StoralinkSaveLink.appex */ = {isa = PBXFileReference; explicitFileType = "wrapper.app-extension"; includeInIndex = 0; path = StoralinkSaveLink.appex; sourceTree = BUILT_PRODUCTS_DIR; };
		9F7260832B3A831F00A49628 /* ShareViewController.swift */ = {isa = PBXFileReference; lastKnownFileType = sourcecode.swift; path = ShareViewController.swift; sourceTree = "<group>"; };
		9F7260882B3A831F00A49628 /* Info.plist */ = {isa = PBXFileReference; lastKnownFileType = text.plist.xml; path = Info.plist; sourceTree = "<group>"; };
		9F7260902B3A84C900A49628 /* ShareView.swift */ = {isa = PBXFileReference; lastKnownFileType = sourcecode.swift; path = ShareView.swift; sourceTree = "<group>"; };
		9F7260922B3B8BF700A49628 /* UITest.swift */ = {isa = PBXFileReference; lastKnownFileType = sourcecode.swift; path = UITest.swift; sourceTree = "<group>"; };
		9F7260972B3BF30E00A49628 /* LinkModel.swift */ = {isa = PBXFileReference; lastKnownFileType = sourcecode.swift; path = LinkModel.swift; sourceTree = "<group>"; };
		9F7260992B3BF31900A49628 /* FolderModel.swift */ = {isa = PBXFileReference; lastKnownFileType = sourcecode.swift; path = FolderModel.swift; sourceTree = "<group>"; };
		9F7260A32B3D1A6600A49628 /* SwiftDataSchema.swift */ = {isa = PBXFileReference; lastKnownFileType = sourcecode.swift; path = SwiftDataSchema.swift; sourceTree = "<group>"; };
		9F7260A52B3D21DB00A49628 /* PreviewContainer.swift */ = {isa = PBXFileReference; lastKnownFileType = sourcecode.swift; path = PreviewContainer.swift; sourceTree = "<group>"; };
		9F7260A72B3E203300A49628 /* AppViewModel.swift */ = {isa = PBXFileReference; lastKnownFileType = sourcecode.swift; path = AppViewModel.swift; sourceTree = "<group>"; };
		9F7260A92B4207E500A49628 /* BottomSheetOption.swift */ = {isa = PBXFileReference; lastKnownFileType = sourcecode.swift; path = BottomSheetOption.swift; sourceTree = "<group>"; };
		9F7260AB2B4295D100A49628 /* FolderItemViewModel.swift */ = {isa = PBXFileReference; lastKnownFileType = sourcecode.swift; path = FolderItemViewModel.swift; sourceTree = "<group>"; };
		9F7260AD2B47619B00A49628 /* CredentialEncryption.swift */ = {isa = PBXFileReference; lastKnownFileType = sourcecode.swift; path = CredentialEncryption.swift; sourceTree = "<group>"; };
		9F7260B22B4773DD00A49628 /* SignupViewModel.swift */ = {isa = PBXFileReference; lastKnownFileType = sourcecode.swift; path = SignupViewModel.swift; sourceTree = "<group>"; };
		9F7260B42B47806C00A49628 /* DeleteAccountView.swift */ = {isa = PBXFileReference; lastKnownFileType = sourcecode.swift; path = DeleteAccountView.swift; sourceTree = "<group>"; };
		9F7260B62B47957900A49628 /* TutorialView.swift */ = {isa = PBXFileReference; lastKnownFileType = sourcecode.swift; path = TutorialView.swift; sourceTree = "<group>"; };
		9F7260B82B47972600A49628 /* LaunchScreen.storyboard */ = {isa = PBXFileReference; lastKnownFileType = file.storyboard; path = LaunchScreen.storyboard; sourceTree = "<group>"; };
		9F7260BA2B48B67300A49628 /* HomeView.swift */ = {isa = PBXFileReference; lastKnownFileType = sourcecode.swift; path = HomeView.swift; sourceTree = "<group>"; };
		9F7260C12B48E1A100A49628 /* StoralinkSaveLink.entitlements */ = {isa = PBXFileReference; lastKnownFileType = text.plist.entitlements; path = StoralinkSaveLink.entitlements; sourceTree = "<group>"; };
		9F7260C22B48E20500A49628 /* storalink-app.entitlements */ = {isa = PBXFileReference; lastKnownFileType = text.plist.entitlements; path = "storalink-app.entitlements"; sourceTree = "<group>"; };
		9FD082D02B1437A4004021FC /* Storalink.app */ = {isa = PBXFileReference; explicitFileType = wrapper.application; includeInIndex = 0; path = Storalink.app; sourceTree = BUILT_PRODUCTS_DIR; };
		9FD082D32B1437A4004021FC /* storalink_appApp.swift */ = {isa = PBXFileReference; lastKnownFileType = sourcecode.swift; path = storalink_appApp.swift; sourceTree = "<group>"; };
		9FD082D52B1437A4004021FC /* ContentView.swift */ = {isa = PBXFileReference; lastKnownFileType = sourcecode.swift; path = ContentView.swift; sourceTree = "<group>"; };
		9FD082D72B1437A4004021FC /* Item.swift */ = {isa = PBXFileReference; lastKnownFileType = sourcecode.swift; path = Item.swift; sourceTree = "<group>"; };
		9FD082D92B1437A5004021FC /* Assets.xcassets */ = {isa = PBXFileReference; lastKnownFileType = folder.assetcatalog; path = Assets.xcassets; sourceTree = "<group>"; };
		9FD082DC2B1437A5004021FC /* Preview Assets.xcassets */ = {isa = PBXFileReference; lastKnownFileType = folder.assetcatalog; path = "Preview Assets.xcassets"; sourceTree = "<group>"; };
		9FD082E42B143C58004021FC /* Constants.swift */ = {isa = PBXFileReference; lastKnownFileType = sourcecode.swift; path = Constants.swift; sourceTree = "<group>"; };
		9FD082EA2B143E34004021FC /* DataManager.swift */ = {isa = PBXFileReference; lastKnownFileType = sourcecode.swift; path = DataManager.swift; sourceTree = "<group>"; };
		9FD082EC2B144263004021FC /* LinkViewModel.swift */ = {isa = PBXFileReference; lastKnownFileType = sourcecode.swift; path = LinkViewModel.swift; sourceTree = "<group>"; };
		9FD082EE2B14426D004021FC /* FolderViewModel.swift */ = {isa = PBXFileReference; lastKnownFileType = sourcecode.swift; path = FolderViewModel.swift; sourceTree = "<group>"; };
		9FD082F02B14427A004021FC /* UserViewModel.swift */ = {isa = PBXFileReference; lastKnownFileType = sourcecode.swift; path = UserViewModel.swift; sourceTree = "<group>"; };
		9FD082F22B144287004021FC /* ShareExtensionViewModel.swift */ = {isa = PBXFileReference; lastKnownFileType = sourcecode.swift; path = ShareExtensionViewModel.swift; sourceTree = "<group>"; };
		9FD082F82B1443D3004021FC /* FilesView.swift */ = {isa = PBXFileReference; lastKnownFileType = sourcecode.swift; path = FilesView.swift; sourceTree = "<group>"; };
		9FD082FA2B14440D004021FC /* LoginView.swift */ = {isa = PBXFileReference; lastKnownFileType = sourcecode.swift; path = LoginView.swift; sourceTree = "<group>"; };
		9FD082FC2B14490B004021FC /* UserModel.swift */ = {isa = PBXFileReference; lastKnownFileType = sourcecode.swift; path = UserModel.swift; sourceTree = "<group>"; };
		9FD082FE2B144E21004021FC /* CreateView.swift */ = {isa = PBXFileReference; lastKnownFileType = sourcecode.swift; path = CreateView.swift; sourceTree = "<group>"; };
		9FD083002B144E30004021FC /* SettingsView.swift */ = {isa = PBXFileReference; lastKnownFileType = sourcecode.swift; path = SettingsView.swift; sourceTree = "<group>"; };
		9FD083022B144E40004021FC /* InfoView.swift */ = {isa = PBXFileReference; lastKnownFileType = sourcecode.swift; path = InfoView.swift; sourceTree = "<group>"; };
		9FD083042B145856004021FC /* MainNavStack.swift */ = {isa = PBXFileReference; lastKnownFileType = sourcecode.swift; path = MainNavStack.swift; sourceTree = "<group>"; };
		9FD083062B146AB1004021FC /* SignupView.swift */ = {isa = PBXFileReference; lastKnownFileType = sourcecode.swift; path = SignupView.swift; sourceTree = "<group>"; };
		9FD083092B147857004021FC /* LinkItemView.swift */ = {isa = PBXFileReference; lastKnownFileType = sourcecode.swift; path = LinkItemView.swift; sourceTree = "<group>"; };
		9FD0830B2B147883004021FC /* FolderItemView.swift */ = {isa = PBXFileReference; lastKnownFileType = sourcecode.swift; path = FolderItemView.swift; sourceTree = "<group>"; };
		9FD0830D2B14792F004021FC /* FolderItemTabView.swift */ = {isa = PBXFileReference; lastKnownFileType = sourcecode.swift; path = FolderItemTabView.swift; sourceTree = "<group>"; };
		9FD0830F2B147C6A004021FC /* SearchBarView.swift */ = {isa = PBXFileReference; lastKnownFileType = sourcecode.swift; path = SearchBarView.swift; sourceTree = "<group>"; };
		9FD083112B147CC6004021FC /* SearchBarViewModel.swift */ = {isa = PBXFileReference; lastKnownFileType = sourcecode.swift; path = SearchBarViewModel.swift; sourceTree = "<group>"; };
		9FD355832B4B8B3A000574DD /* LocalFileManager.swift */ = {isa = PBXFileReference; lastKnownFileType = sourcecode.swift; path = LocalFileManager.swift; sourceTree = "<group>"; };
		9FEB2E782B19739E005A300C /* FrameGetter.swift */ = {isa = PBXFileReference; lastKnownFileType = sourcecode.swift; path = FrameGetter.swift; sourceTree = "<group>"; };
		9FEB2E7F2B19942C005A300C /* UserSettingTab.swift */ = {isa = PBXFileReference; lastKnownFileType = sourcecode.swift; path = UserSettingTab.swift; sourceTree = "<group>"; };
		9FEB2E812B328064005A300C /* FolderView.swift */ = {isa = PBXFileReference; lastKnownFileType = sourcecode.swift; path = FolderView.swift; sourceTree = "<group>"; };
		9FEB2E842B3282E7005A300C /* UserInfoSettingView.swift */ = {isa = PBXFileReference; lastKnownFileType = sourcecode.swift; path = UserInfoSettingView.swift; sourceTree = "<group>"; };
		9FEB2E862B33AD9F005A300C /* LoginViewModel.swift */ = {isa = PBXFileReference; lastKnownFileType = sourcecode.swift; path = LoginViewModel.swift; sourceTree = "<group>"; };
/* End PBXFileReference section */

/* Begin PBXFrameworksBuildPhase section */
		9F72607E2B3A831F00A49628 /* Frameworks */ = {
			isa = PBXFrameworksBuildPhase;
			buildActionMask = 2147483647;
			files = (
			);
			runOnlyForDeploymentPostprocessing = 0;
		};
		9FD082CD2B1437A4004021FC /* Frameworks */ = {
			isa = PBXFrameworksBuildPhase;
			buildActionMask = 2147483647;
			files = (
				9F7260B12B4764C000A49628 /* KeychainAccess in Frameworks */,
			);
			runOnlyForDeploymentPostprocessing = 0;
		};
/* End PBXFrameworksBuildPhase section */

/* Begin PBXGroup section */
		9F7260662B36826C00A49628 /* ComponentsModel */ = {
			isa = PBXGroup;
			children = (
				9F7260672B36827E00A49628 /* LinkItemViewModel.swift */,
				9F7260AB2B4295D100A49628 /* FolderItemViewModel.swift */,
			);
			path = ComponentsModel;
			sourceTree = "<group>";
		};
		9F7260702B3A1F7500A49628 /* CreateViews */ = {
			isa = PBXGroup;
			children = (
				9F7260712B3A1F8700A49628 /* CreateLinkView.swift */,
				9F7260732B3A1F9300A49628 /* CreateFolderView.swift */,
			);
			path = CreateViews;
			sourceTree = "<group>";
		};
		9F7260822B3A831F00A49628 /* StoralinkSaveLink */ = {
			isa = PBXGroup;
			children = (
				9F7260C12B48E1A100A49628 /* StoralinkSaveLink.entitlements */,
				9F7260832B3A831F00A49628 /* ShareViewController.swift */,
				9F7260902B3A84C900A49628 /* ShareView.swift */,
				9F7260882B3A831F00A49628 /* Info.plist */,
			);
			path = StoralinkSaveLink;
			sourceTree = "<group>";
		};
		9F72609D2B3D174900A49628 /* ModelContainers */ = {
			isa = PBXGroup;
			children = (
				9F7260A52B3D21DB00A49628 /* PreviewContainer.swift */,
			);
			path = ModelContainers;
			sourceTree = "<group>";
		};
		9F7260A02B3D1A3D00A49628 /* SwiftData */ = {
			isa = PBXGroup;
			children = (
				9F7260A12B3D1A5300A49628 /* Schema */,
				9FD082E72B143E11004021FC /* Models */,
				9F72609D2B3D174900A49628 /* ModelContainers */,
			);
			path = SwiftData;
			sourceTree = "<group>";
		};
		9F7260A12B3D1A5300A49628 /* Schema */ = {
			isa = PBXGroup;
			children = (
				9F7260A32B3D1A6600A49628 /* SwiftDataSchema.swift */,
			);
			path = Schema;
			sourceTree = "<group>";
		};
		9FD082C72B1437A4004021FC = {
			isa = PBXGroup;
			children = (
				9FD082D22B1437A4004021FC /* storalink-app */,
				9F7260822B3A831F00A49628 /* StoralinkSaveLink */,
				9FD082D12B1437A4004021FC /* Products */,
			);
			sourceTree = "<group>";
		};
		9FD082D12B1437A4004021FC /* Products */ = {
			isa = PBXGroup;
			children = (
				9FD082D02B1437A4004021FC /* Storalink.app */,
				9F7260812B3A831F00A49628 /* StoralinkSaveLink.appex */,
			);
			name = Products;
			sourceTree = "<group>";
		};
		9FD082D22B1437A4004021FC /* storalink-app */ = {
			isa = PBXGroup;
			children = (
				9F7260C22B48E20500A49628 /* storalink-app.entitlements */,
				9F7260A02B3D1A3D00A49628 /* SwiftData */,
				9FD082E92B143E24004021FC /* Managers */,
				9FD082E82B143E18004021FC /* ViewModels */,
				9FD082E62B143DE2004021FC /* Views */,
				9FD082E32B143C3E004021FC /* Utilities */,
				9FD082D32B1437A4004021FC /* storalink_appApp.swift */,
				9FD082D52B1437A4004021FC /* ContentView.swift */,
				9FD082D72B1437A4004021FC /* Item.swift */,
				9FD082D92B1437A5004021FC /* Assets.xcassets */,
				9FD082DB2B1437A5004021FC /* Preview Content */,
			);
			path = "storalink-app";
			sourceTree = "<group>";
		};
		9FD082DB2B1437A5004021FC /* Preview Content */ = {
			isa = PBXGroup;
			children = (
				9FD082DC2B1437A5004021FC /* Preview Assets.xcassets */,
			);
			path = "Preview Content";
			sourceTree = "<group>";
		};
		9FD082E32B143C3E004021FC /* Utilities */ = {
			isa = PBXGroup;
			children = (
				9FD082E42B143C58004021FC /* Constants.swift */,
				9FEB2E782B19739E005A300C /* FrameGetter.swift */,
				9F7260AD2B47619B00A49628 /* CredentialEncryption.swift */,
				9F72607B2B3A453E00A49628 /* LinkMetaDataFetcher.swift */,
				9F7260922B3B8BF700A49628 /* UITest.swift */,
				9F7260B82B47972600A49628 /* LaunchScreen.storyboard */,
				9FD355832B4B8B3A000574DD /* LocalFileManager.swift */,
			);
			path = Utilities;
			sourceTree = "<group>";
		};
		9FD082E62B143DE2004021FC /* Views */ = {
			isa = PBXGroup;
			children = (
				9F7260702B3A1F7500A49628 /* CreateViews */,
				9FEB2E832B3282CC005A300C /* SettingViews */,
				9FD083082B147842004021FC /* Components */,
				9FD082FA2B14440D004021FC /* LoginView.swift */,
				9FD082FE2B144E21004021FC /* CreateView.swift */,
				9FD083002B144E30004021FC /* SettingsView.swift */,
				9FD082F82B1443D3004021FC /* FilesView.swift */,
				9FD083022B144E40004021FC /* InfoView.swift */,
				9FD083042B145856004021FC /* MainNavStack.swift */,
				9FD083062B146AB1004021FC /* SignupView.swift */,
				9FEB2E812B328064005A300C /* FolderView.swift */,
				9F7260692B36966600A49628 /* LinkView.swift */,
				9F7260B62B47957900A49628 /* TutorialView.swift */,
				9F7260BA2B48B67300A49628 /* HomeView.swift */,
			);
			path = Views;
			sourceTree = "<group>";
		};
		9FD082E72B143E11004021FC /* Models */ = {
			isa = PBXGroup;
			children = (
				9FD082FC2B14490B004021FC /* UserModel.swift */,
				9F7260992B3BF31900A49628 /* FolderModel.swift */,
				9F7260972B3BF30E00A49628 /* LinkModel.swift */,
			);
			path = Models;
			sourceTree = "<group>";
		};
		9FD082E82B143E18004021FC /* ViewModels */ = {
			isa = PBXGroup;
			children = (
				9F7260662B36826C00A49628 /* ComponentsModel */,
				9FEB2E862B33AD9F005A300C /* LoginViewModel.swift */,
				9FD082EC2B144263004021FC /* LinkViewModel.swift */,
				9FD082EE2B14426D004021FC /* FolderViewModel.swift */,
				9FD082F02B14427A004021FC /* UserViewModel.swift */,
				9FD082F22B144287004021FC /* ShareExtensionViewModel.swift */,
				9FD083112B147CC6004021FC /* SearchBarViewModel.swift */,
				9F7260772B3A2E1E00A49628 /* CreateFolderViewModel.swift */,
				9F7260792B3A325100A49628 /* CreateLinkViewModel.swift */,
				9F7260A72B3E203300A49628 /* AppViewModel.swift */,
				9F7260B22B4773DD00A49628 /* SignupViewModel.swift */,
			);
			path = ViewModels;
			sourceTree = "<group>";
		};
		9FD082E92B143E24004021FC /* Managers */ = {
			isa = PBXGroup;
			children = (
				9FD082EA2B143E34004021FC /* DataManager.swift */,
				9F7260612B365D6400A49628 /* NavigationStageManager.swift */,
			);
			path = Managers;
			sourceTree = "<group>";
		};
		9FD083082B147842004021FC /* Components */ = {
			isa = PBXGroup;
			children = (
				9FEB2E7E2B198FFB005A300C /* Searchbar */,
				9FD083092B147857004021FC /* LinkItemView.swift */,
				9FD0830B2B147883004021FC /* FolderItemView.swift */,
				9FD0830D2B14792F004021FC /* FolderItemTabView.swift */,
				9FEB2E7F2B19942C005A300C /* UserSettingTab.swift */,
				9F72605F2B35418700A49628 /* CustomButton.swift */,
				9F72606D2B36A1F800A49628 /* LinkCardView.swift */,
				9F7260752B3A2C5800A49628 /* StandardTextField.swift */,
				9F7260A92B4207E500A49628 /* BottomSheetOption.swift */,
			);
			path = Components;
			sourceTree = "<group>";
		};
		9FEB2E7E2B198FFB005A300C /* Searchbar */ = {
			isa = PBXGroup;
			children = (
				9FD0830F2B147C6A004021FC /* SearchBarView.swift */,
			);
			path = Searchbar;
			sourceTree = "<group>";
		};
		9FEB2E832B3282CC005A300C /* SettingViews */ = {
			isa = PBXGroup;
			children = (
				9FEB2E842B3282E7005A300C /* UserInfoSettingView.swift */,
				9F7260B42B47806C00A49628 /* DeleteAccountView.swift */,
			);
			path = SettingViews;
			sourceTree = "<group>";
		};
/* End PBXGroup section */

/* Begin PBXNativeTarget section */
		9F7260802B3A831F00A49628 /* StoralinkSaveLink */ = {
			isa = PBXNativeTarget;
			buildConfigurationList = 9F72608C2B3A831F00A49628 /* Build configuration list for PBXNativeTarget "StoralinkSaveLink" */;
			buildPhases = (
				9F72607D2B3A831F00A49628 /* Sources */,
				9F72607E2B3A831F00A49628 /* Frameworks */,
				9F72607F2B3A831F00A49628 /* Resources */,
			);
			buildRules = (
			);
			dependencies = (
			);
			name = StoralinkSaveLink;
			productName = StoralinkSaveLink;
			productReference = 9F7260812B3A831F00A49628 /* StoralinkSaveLink.appex */;
			productType = "com.apple.product-type.app-extension";
		};
		9FD082CF2B1437A4004021FC /* storalink-app */ = {
			isa = PBXNativeTarget;
			buildConfigurationList = 9FD082E02B1437A5004021FC /* Build configuration list for PBXNativeTarget "storalink-app" */;
			buildPhases = (
				9FD082CC2B1437A4004021FC /* Sources */,
				9FD082CD2B1437A4004021FC /* Frameworks */,
				9FD082CE2B1437A4004021FC /* Resources */,
				9F72608F2B3A831F00A49628 /* Embed Foundation Extensions */,
			);
			buildRules = (
			);
			dependencies = (
				9F72608A2B3A831F00A49628 /* PBXTargetDependency */,
			);
			name = "storalink-app";
			packageProductDependencies = (
				9F7260B02B4764C000A49628 /* KeychainAccess */,
			);
			productName = "storalink-app";
			productReference = 9FD082D02B1437A4004021FC /* Storalink.app */;
			productType = "com.apple.product-type.application";
		};
/* End PBXNativeTarget section */

/* Begin PBXProject section */
		9FD082C82B1437A4004021FC /* Project object */ = {
			isa = PBXProject;
			attributes = {
				BuildIndependentTargetsInParallel = 1;
				LastSwiftUpdateCheck = 1500;
				LastUpgradeCheck = 1500;
				TargetAttributes = {
					9F7260802B3A831F00A49628 = {
						CreatedOnToolsVersion = 15.0.1;
					};
					9FD082CF2B1437A4004021FC = {
						CreatedOnToolsVersion = 15.0;
					};
				};
			};
			buildConfigurationList = 9FD082CB2B1437A4004021FC /* Build configuration list for PBXProject "storalink-app" */;
			compatibilityVersion = "Xcode 14.0";
			developmentRegion = en;
			hasScannedForEncodings = 0;
			knownRegions = (
				en,
				Base,
			);
			mainGroup = 9FD082C72B1437A4004021FC;
			packageReferences = (
				9F7260AF2B4764C000A49628 /* XCRemoteSwiftPackageReference "KeychainAccess" */,
			);
			productRefGroup = 9FD082D12B1437A4004021FC /* Products */;
			projectDirPath = "";
			projectRoot = "";
			targets = (
				9FD082CF2B1437A4004021FC /* storalink-app */,
				9F7260802B3A831F00A49628 /* StoralinkSaveLink */,
			);
		};
/* End PBXProject section */

/* Begin PBXResourcesBuildPhase section */
		9F72607F2B3A831F00A49628 /* Resources */ = {
			isa = PBXResourcesBuildPhase;
			buildActionMask = 2147483647;
			files = (
				9F7260C02B48DEDD00A49628 /* LaunchScreen.storyboard in Resources */,
				9F7260962B3B909300A49628 /* Assets.xcassets in Resources */,
			);
			runOnlyForDeploymentPostprocessing = 0;
		};
		9FD082CE2B1437A4004021FC /* Resources */ = {
			isa = PBXResourcesBuildPhase;
			buildActionMask = 2147483647;
			files = (
				9F7260B92B47972600A49628 /* LaunchScreen.storyboard in Resources */,
				9FD082DD2B1437A5004021FC /* Preview Assets.xcassets in Resources */,
				9FD082DA2B1437A5004021FC /* Assets.xcassets in Resources */,
			);
			runOnlyForDeploymentPostprocessing = 0;
		};
/* End PBXResourcesBuildPhase section */

/* Begin PBXSourcesBuildPhase section */
		9F72607D2B3A831F00A49628 /* Sources */ = {
			isa = PBXSourcesBuildPhase;
			buildActionMask = 2147483647;
			files = (
				9F7260BF2B48DEA500A49628 /* LinkModel.swift in Sources */,
				9F7260912B3A84C900A49628 /* ShareView.swift in Sources */,
				9F7260BE2B48DEA200A49628 /* FolderModel.swift in Sources */,
				9F7260BC2B48DE3900A49628 /* UserModel.swift in Sources */,
				9F7260842B3A831F00A49628 /* ShareViewController.swift in Sources */,
				9FD355852B4B8B3A000574DD /* LocalFileManager.swift in Sources */,
			);
			runOnlyForDeploymentPostprocessing = 0;
		};
		9FD082CC2B1437A4004021FC /* Sources */ = {
			isa = PBXSourcesBuildPhase;
			buildActionMask = 2147483647;
			files = (
				9F7260A82B3E203300A49628 /* AppViewModel.swift in Sources */,
				9F72606E2B36A1F800A49628 /* LinkCardView.swift in Sources */,
				9FEB2E852B3282E7005A300C /* UserInfoSettingView.swift in Sources */,
				9FD0830E2B14792F004021FC /* FolderItemTabView.swift in Sources */,
				9FD083032B144E40004021FC /* InfoView.swift in Sources */,
				9F7260782B3A2E1E00A49628 /* CreateFolderViewModel.swift in Sources */,
				9F7260932B3B8BF700A49628 /* UITest.swift in Sources */,
				9FD083012B144E30004021FC /* SettingsView.swift in Sources */,
				9FD082D62B1437A4004021FC /* ContentView.swift in Sources */,
				9FD082F12B14427A004021FC /* UserViewModel.swift in Sources */,
				9FD083052B145856004021FC /* MainNavStack.swift in Sources */,
				9FD083122B147CC6004021FC /* SearchBarViewModel.swift in Sources */,
				9FD082EB2B143E34004021FC /* DataManager.swift in Sources */,
				9FD0830A2B147857004021FC /* LinkItemView.swift in Sources */,
				9F7260B52B47806C00A49628 /* DeleteAccountView.swift in Sources */,
				9FD082D82B1437A4004021FC /* Item.swift in Sources */,
				9F7260762B3A2C5800A49628 /* StandardTextField.swift in Sources */,
				9FEB2E792B19739E005A300C /* FrameGetter.swift in Sources */,
				9FD082FF2B144E21004021FC /* CreateView.swift in Sources */,
				9F7260602B35418700A49628 /* CustomButton.swift in Sources */,
				9F7260622B365D6400A49628 /* NavigationStageManager.swift in Sources */,
				9F7260AA2B4207E500A49628 /* BottomSheetOption.swift in Sources */,
				9FD0830C2B147883004021FC /* FolderItemView.swift in Sources */,
				9F7260982B3BF30E00A49628 /* LinkModel.swift in Sources */,
				9F72607C2B3A453E00A49628 /* LinkMetaDataFetcher.swift in Sources */,
				9FD082F32B144287004021FC /* ShareExtensionViewModel.swift in Sources */,
				9F7260B32B4773DD00A49628 /* SignupViewModel.swift in Sources */,
				9FD355842B4B8B3A000574DD /* LocalFileManager.swift in Sources */,
				9F7260A62B3D21DB00A49628 /* PreviewContainer.swift in Sources */,
				9FD082FD2B14490B004021FC /* UserModel.swift in Sources */,
				9FEB2E822B328064005A300C /* FolderView.swift in Sources */,
				9FD082D42B1437A4004021FC /* storalink_appApp.swift in Sources */,
				9FD082ED2B144263004021FC /* LinkViewModel.swift in Sources */,
				9FEB2E872B33AD9F005A300C /* LoginViewModel.swift in Sources */,
				9FD082F92B1443D3004021FC /* FilesView.swift in Sources */,
				9FD082EF2B14426D004021FC /* FolderViewModel.swift in Sources */,
				9F72609A2B3BF31900A49628 /* FolderModel.swift in Sources */,
				9FEB2E802B19942C005A300C /* UserSettingTab.swift in Sources */,
				9F7260682B36827E00A49628 /* LinkItemViewModel.swift in Sources */,
				9F7260B72B47957900A49628 /* TutorialView.swift in Sources */,
				9F7260BB2B48B67300A49628 /* HomeView.swift in Sources */,
				9F72607A2B3A325100A49628 /* CreateLinkViewModel.swift in Sources */,
				9FD083102B147C6A004021FC /* SearchBarView.swift in Sources */,
				9FD082FB2B14440D004021FC /* LoginView.swift in Sources */,
				9F7260AE2B47619B00A49628 /* CredentialEncryption.swift in Sources */,
				9FD083072B146AB1004021FC /* SignupView.swift in Sources */,
				9F7260742B3A1F9300A49628 /* CreateFolderView.swift in Sources */,
				9F7260AC2B4295D100A49628 /* FolderItemViewModel.swift in Sources */,
				9F7260A42B3D1A6600A49628 /* SwiftDataSchema.swift in Sources */,
				9F72606A2B36966600A49628 /* LinkView.swift in Sources */,
				9FD082E52B143C58004021FC /* Constants.swift in Sources */,
				9F7260722B3A1F8700A49628 /* CreateLinkView.swift in Sources */,
			);
			runOnlyForDeploymentPostprocessing = 0;
		};
/* End PBXSourcesBuildPhase section */

/* Begin PBXTargetDependency section */
		9F72608A2B3A831F00A49628 /* PBXTargetDependency */ = {
			isa = PBXTargetDependency;
			target = 9F7260802B3A831F00A49628 /* StoralinkSaveLink */;
			targetProxy = 9F7260892B3A831F00A49628 /* PBXContainerItemProxy */;
		};
/* End PBXTargetDependency section */

/* Begin XCBuildConfiguration section */
		9F72608D2B3A831F00A49628 /* Debug */ = {
			isa = XCBuildConfiguration;
			buildSettings = {
				CODE_SIGN_ENTITLEMENTS = StoralinkSaveLink/StoralinkSaveLink.entitlements;
				CODE_SIGN_STYLE = Automatic;
				CURRENT_PROJECT_VERSION = 1;
				DEVELOPMENT_TEAM = 2JF8FU3N7N;
				GENERATE_INFOPLIST_FILE = YES;
				INFOPLIST_FILE = StoralinkSaveLink/Info.plist;
				INFOPLIST_KEY_CFBundleDisplayName = StoralinkSaveLink;
				INFOPLIST_KEY_NSHumanReadableCopyright = "";
				LD_RUNPATH_SEARCH_PATHS = (
					"$(inherited)",
					"@executable_path/Frameworks",
					"@executable_path/../../Frameworks",
				);
				MARKETING_VERSION = 1.0;
				PRODUCT_BUNDLE_IDENTIFIER = com.storalink.storalinkApp.StoralinkSaveLink;
				PRODUCT_NAME = "$(TARGET_NAME)";
				SKIP_INSTALL = YES;
				SWIFT_EMIT_LOC_STRINGS = YES;
				SWIFT_VERSION = 5.0;
				TARGETED_DEVICE_FAMILY = "1,2";
			};
			name = Debug;
		};
		9F72608E2B3A831F00A49628 /* Release */ = {
			isa = XCBuildConfiguration;
			buildSettings = {
				CODE_SIGN_ENTITLEMENTS = StoralinkSaveLink/StoralinkSaveLink.entitlements;
				CODE_SIGN_STYLE = Automatic;
				CURRENT_PROJECT_VERSION = 1;
				DEVELOPMENT_TEAM = 2JF8FU3N7N;
				GENERATE_INFOPLIST_FILE = YES;
				INFOPLIST_FILE = StoralinkSaveLink/Info.plist;
				INFOPLIST_KEY_CFBundleDisplayName = StoralinkSaveLink;
				INFOPLIST_KEY_NSHumanReadableCopyright = "";
				LD_RUNPATH_SEARCH_PATHS = (
					"$(inherited)",
					"@executable_path/Frameworks",
					"@executable_path/../../Frameworks",
				);
				MARKETING_VERSION = 1.0;
				PRODUCT_BUNDLE_IDENTIFIER = com.storalink.storalinkApp.StoralinkSaveLink;
				PRODUCT_NAME = "$(TARGET_NAME)";
				SKIP_INSTALL = YES;
				SWIFT_EMIT_LOC_STRINGS = YES;
				SWIFT_VERSION = 5.0;
				TARGETED_DEVICE_FAMILY = "1,2";
			};
			name = Release;
		};
		9FD082DE2B1437A5004021FC /* Debug */ = {
			isa = XCBuildConfiguration;
			buildSettings = {
				ALWAYS_SEARCH_USER_PATHS = NO;
				ASSETCATALOG_COMPILER_GENERATE_SWIFT_ASSET_SYMBOL_EXTENSIONS = YES;
				CLANG_ANALYZER_NONNULL = YES;
				CLANG_ANALYZER_NUMBER_OBJECT_CONVERSION = YES_AGGRESSIVE;
				CLANG_CXX_LANGUAGE_STANDARD = "gnu++20";
				CLANG_ENABLE_MODULES = YES;
				CLANG_ENABLE_OBJC_ARC = YES;
				CLANG_ENABLE_OBJC_WEAK = YES;
				CLANG_WARN_BLOCK_CAPTURE_AUTORELEASING = YES;
				CLANG_WARN_BOOL_CONVERSION = YES;
				CLANG_WARN_COMMA = YES;
				CLANG_WARN_CONSTANT_CONVERSION = YES;
				CLANG_WARN_DEPRECATED_OBJC_IMPLEMENTATIONS = YES;
				CLANG_WARN_DIRECT_OBJC_ISA_USAGE = YES_ERROR;
				CLANG_WARN_DOCUMENTATION_COMMENTS = YES;
				CLANG_WARN_EMPTY_BODY = YES;
				CLANG_WARN_ENUM_CONVERSION = YES;
				CLANG_WARN_INFINITE_RECURSION = YES;
				CLANG_WARN_INT_CONVERSION = YES;
				CLANG_WARN_NON_LITERAL_NULL_CONVERSION = YES;
				CLANG_WARN_OBJC_IMPLICIT_RETAIN_SELF = YES;
				CLANG_WARN_OBJC_LITERAL_CONVERSION = YES;
				CLANG_WARN_OBJC_ROOT_CLASS = YES_ERROR;
				CLANG_WARN_QUOTED_INCLUDE_IN_FRAMEWORK_HEADER = YES;
				CLANG_WARN_RANGE_LOOP_ANALYSIS = YES;
				CLANG_WARN_STRICT_PROTOTYPES = YES;
				CLANG_WARN_SUSPICIOUS_MOVE = YES;
				CLANG_WARN_UNGUARDED_AVAILABILITY = YES_AGGRESSIVE;
				CLANG_WARN_UNREACHABLE_CODE = YES;
				CLANG_WARN__DUPLICATE_METHOD_MATCH = YES;
				COPY_PHASE_STRIP = NO;
				DEBUG_INFORMATION_FORMAT = dwarf;
				ENABLE_STRICT_OBJC_MSGSEND = YES;
				ENABLE_TESTABILITY = YES;
				ENABLE_USER_SCRIPT_SANDBOXING = YES;
				GCC_C_LANGUAGE_STANDARD = gnu17;
				GCC_DYNAMIC_NO_PIC = NO;
				GCC_NO_COMMON_BLOCKS = YES;
				GCC_OPTIMIZATION_LEVEL = 0;
				GCC_PREPROCESSOR_DEFINITIONS = (
					"DEBUG=1",
					"$(inherited)",
				);
				GCC_WARN_64_TO_32_BIT_CONVERSION = YES;
				GCC_WARN_ABOUT_RETURN_TYPE = YES_ERROR;
				GCC_WARN_UNDECLARED_SELECTOR = YES;
				GCC_WARN_UNINITIALIZED_AUTOS = YES_AGGRESSIVE;
				GCC_WARN_UNUSED_FUNCTION = YES;
				GCC_WARN_UNUSED_VARIABLE = YES;
				IPHONEOS_DEPLOYMENT_TARGET = 17.0;
				LOCALIZATION_PREFERS_STRING_CATALOGS = YES;
				MTL_ENABLE_DEBUG_INFO = INCLUDE_SOURCE;
				MTL_FAST_MATH = YES;
				ONLY_ACTIVE_ARCH = YES;
				SDKROOT = iphoneos;
				SWIFT_ACTIVE_COMPILATION_CONDITIONS = "DEBUG $(inherited)";
				SWIFT_OPTIMIZATION_LEVEL = "-Onone";
			};
			name = Debug;
		};
		9FD082DF2B1437A5004021FC /* Release */ = {
			isa = XCBuildConfiguration;
			buildSettings = {
				ALWAYS_SEARCH_USER_PATHS = NO;
				ASSETCATALOG_COMPILER_GENERATE_SWIFT_ASSET_SYMBOL_EXTENSIONS = YES;
				CLANG_ANALYZER_NONNULL = YES;
				CLANG_ANALYZER_NUMBER_OBJECT_CONVERSION = YES_AGGRESSIVE;
				CLANG_CXX_LANGUAGE_STANDARD = "gnu++20";
				CLANG_ENABLE_MODULES = YES;
				CLANG_ENABLE_OBJC_ARC = YES;
				CLANG_ENABLE_OBJC_WEAK = YES;
				CLANG_WARN_BLOCK_CAPTURE_AUTORELEASING = YES;
				CLANG_WARN_BOOL_CONVERSION = YES;
				CLANG_WARN_COMMA = YES;
				CLANG_WARN_CONSTANT_CONVERSION = YES;
				CLANG_WARN_DEPRECATED_OBJC_IMPLEMENTATIONS = YES;
				CLANG_WARN_DIRECT_OBJC_ISA_USAGE = YES_ERROR;
				CLANG_WARN_DOCUMENTATION_COMMENTS = YES;
				CLANG_WARN_EMPTY_BODY = YES;
				CLANG_WARN_ENUM_CONVERSION = YES;
				CLANG_WARN_INFINITE_RECURSION = YES;
				CLANG_WARN_INT_CONVERSION = YES;
				CLANG_WARN_NON_LITERAL_NULL_CONVERSION = YES;
				CLANG_WARN_OBJC_IMPLICIT_RETAIN_SELF = YES;
				CLANG_WARN_OBJC_LITERAL_CONVERSION = YES;
				CLANG_WARN_OBJC_ROOT_CLASS = YES_ERROR;
				CLANG_WARN_QUOTED_INCLUDE_IN_FRAMEWORK_HEADER = YES;
				CLANG_WARN_RANGE_LOOP_ANALYSIS = YES;
				CLANG_WARN_STRICT_PROTOTYPES = YES;
				CLANG_WARN_SUSPICIOUS_MOVE = YES;
				CLANG_WARN_UNGUARDED_AVAILABILITY = YES_AGGRESSIVE;
				CLANG_WARN_UNREACHABLE_CODE = YES;
				CLANG_WARN__DUPLICATE_METHOD_MATCH = YES;
				COPY_PHASE_STRIP = NO;
				DEBUG_INFORMATION_FORMAT = "dwarf-with-dsym";
				ENABLE_NS_ASSERTIONS = NO;
				ENABLE_STRICT_OBJC_MSGSEND = YES;
				ENABLE_USER_SCRIPT_SANDBOXING = YES;
				GCC_C_LANGUAGE_STANDARD = gnu17;
				GCC_NO_COMMON_BLOCKS = YES;
				GCC_WARN_64_TO_32_BIT_CONVERSION = YES;
				GCC_WARN_ABOUT_RETURN_TYPE = YES_ERROR;
				GCC_WARN_UNDECLARED_SELECTOR = YES;
				GCC_WARN_UNINITIALIZED_AUTOS = YES_AGGRESSIVE;
				GCC_WARN_UNUSED_FUNCTION = YES;
				GCC_WARN_UNUSED_VARIABLE = YES;
				IPHONEOS_DEPLOYMENT_TARGET = 17.0;
				LOCALIZATION_PREFERS_STRING_CATALOGS = YES;
				MTL_ENABLE_DEBUG_INFO = NO;
				MTL_FAST_MATH = YES;
				SDKROOT = iphoneos;
				SWIFT_COMPILATION_MODE = wholemodule;
				VALIDATE_PRODUCT = YES;
			};
			name = Release;
		};
		9FD082E12B1437A5004021FC /* Debug */ = {
			isa = XCBuildConfiguration;
			buildSettings = {
				ALWAYS_EMBED_SWIFT_STANDARD_LIBRARIES = YES;
				ASSETCATALOG_COMPILER_APPICON_NAME = AppIcon;
				ASSETCATALOG_COMPILER_GLOBAL_ACCENT_COLOR_NAME = AccentColor;
				CODE_SIGN_ENTITLEMENTS = "storalink-app/storalink-app.entitlements";
				CODE_SIGN_STYLE = Automatic;
				CURRENT_PROJECT_VERSION = 1;
				DEVELOPMENT_ASSET_PATHS = "\"storalink-app/Preview Content\"";
				DEVELOPMENT_TEAM = 2JF8FU3N7N;
				ENABLE_PREVIEWS = YES;
				GENERATE_INFOPLIST_FILE = YES;
				INFOPLIST_KEY_UIApplicationSceneManifest_Generation = YES;
				INFOPLIST_KEY_UIApplicationSupportsIndirectInputEvents = YES;
				INFOPLIST_KEY_UILaunchScreen_Generation = YES;
				INFOPLIST_KEY_UILaunchStoryboardName = LaunchScreen.storyboard;
				INFOPLIST_KEY_UISupportedInterfaceOrientations_iPad = "UIInterfaceOrientationPortrait UIInterfaceOrientationPortraitUpsideDown UIInterfaceOrientationLandscapeLeft UIInterfaceOrientationLandscapeRight";
				INFOPLIST_KEY_UISupportedInterfaceOrientations_iPhone = "UIInterfaceOrientationPortrait UIInterfaceOrientationLandscapeLeft UIInterfaceOrientationLandscapeRight";
				LD_RUNPATH_SEARCH_PATHS = (
					"$(inherited)",
					"@executable_path/Frameworks",
				);
				MARKETING_VERSION = 1.0;
				PRODUCT_BUNDLE_IDENTIFIER = com.storalink.storalinkApp;
				PRODUCT_NAME = Storalink;
				SWIFT_EMIT_LOC_STRINGS = YES;
				SWIFT_VERSION = 5.0;
				TARGETED_DEVICE_FAMILY = "1,2";
			};
			name = Debug;
		};
		9FD082E22B1437A5004021FC /* Release */ = {
			isa = XCBuildConfiguration;
			buildSettings = {
				ALWAYS_EMBED_SWIFT_STANDARD_LIBRARIES = YES;
				ASSETCATALOG_COMPILER_APPICON_NAME = AppIcon;
				ASSETCATALOG_COMPILER_GLOBAL_ACCENT_COLOR_NAME = AccentColor;
				CODE_SIGN_ENTITLEMENTS = "storalink-app/storalink-app.entitlements";
				CODE_SIGN_STYLE = Automatic;
				CURRENT_PROJECT_VERSION = 1;
				DEVELOPMENT_ASSET_PATHS = "\"storalink-app/Preview Content\"";
				DEVELOPMENT_TEAM = 2JF8FU3N7N;
				ENABLE_PREVIEWS = YES;
				GENERATE_INFOPLIST_FILE = YES;
				INFOPLIST_KEY_UIApplicationSceneManifest_Generation = YES;
				INFOPLIST_KEY_UIApplicationSupportsIndirectInputEvents = YES;
				INFOPLIST_KEY_UILaunchScreen_Generation = YES;
				INFOPLIST_KEY_UILaunchStoryboardName = LaunchScreen.storyboard;
				INFOPLIST_KEY_UISupportedInterfaceOrientations_iPad = "UIInterfaceOrientationPortrait UIInterfaceOrientationPortraitUpsideDown UIInterfaceOrientationLandscapeLeft UIInterfaceOrientationLandscapeRight";
				INFOPLIST_KEY_UISupportedInterfaceOrientations_iPhone = "UIInterfaceOrientationPortrait UIInterfaceOrientationLandscapeLeft UIInterfaceOrientationLandscapeRight";
				LD_RUNPATH_SEARCH_PATHS = (
					"$(inherited)",
					"@executable_path/Frameworks",
				);
				MARKETING_VERSION = 1.0;
				PRODUCT_BUNDLE_IDENTIFIER = com.storalink.storalinkApp;
				PRODUCT_NAME = Storalink;
				SWIFT_EMIT_LOC_STRINGS = YES;
				SWIFT_VERSION = 5.0;
				TARGETED_DEVICE_FAMILY = "1,2";
			};
			name = Release;
		};
/* End XCBuildConfiguration section */

/* Begin XCConfigurationList section */
		9F72608C2B3A831F00A49628 /* Build configuration list for PBXNativeTarget "StoralinkSaveLink" */ = {
			isa = XCConfigurationList;
			buildConfigurations = (
				9F72608D2B3A831F00A49628 /* Debug */,
				9F72608E2B3A831F00A49628 /* Release */,
			);
			defaultConfigurationIsVisible = 0;
			defaultConfigurationName = Release;
		};
		9FD082CB2B1437A4004021FC /* Build configuration list for PBXProject "storalink-app" */ = {
			isa = XCConfigurationList;
			buildConfigurations = (
				9FD082DE2B1437A5004021FC /* Debug */,
				9FD082DF2B1437A5004021FC /* Release */,
			);
			defaultConfigurationIsVisible = 0;
			defaultConfigurationName = Release;
		};
		9FD082E02B1437A5004021FC /* Build configuration list for PBXNativeTarget "storalink-app" */ = {
			isa = XCConfigurationList;
			buildConfigurations = (
				9FD082E12B1437A5004021FC /* Debug */,
				9FD082E22B1437A5004021FC /* Release */,
			);
			defaultConfigurationIsVisible = 0;
			defaultConfigurationName = Release;
		};
/* End XCConfigurationList section */

/* Begin XCRemoteSwiftPackageReference section */
		9F7260AF2B4764C000A49628 /* XCRemoteSwiftPackageReference "KeychainAccess" */ = {
			isa = XCRemoteSwiftPackageReference;
			repositoryURL = "https://github.com/kishikawakatsumi/KeychainAccess.git";
			requirement = {
				branch = master;
				kind = branch;
			};
		};
/* End XCRemoteSwiftPackageReference section */

/* Begin XCSwiftPackageProductDependency section */
		9F7260B02B4764C000A49628 /* KeychainAccess */ = {
			isa = XCSwiftPackageProductDependency;
			package = 9F7260AF2B4764C000A49628 /* XCRemoteSwiftPackageReference "KeychainAccess" */;
			productName = KeychainAccess;
		};
/* End XCSwiftPackageProductDependency section */
	};
	rootObject = 9FD082C82B1437A4004021FC /* Project object */;
}
